// !$*UTF8*$!
{
	archiveVersion = 1;
	classes = {
	};
	objectVersion = 50;
	objects = {

/* Begin PBXBuildFile section */
		0B4219E7211A97B80097B682 /* ToDo.swift in Sources */ = {isa = PBXBuildFile; fileRef = 0B4219E6211A97B80097B682 /* ToDo.swift */; };
		0B69926C21196D0700F969F6 /* AppDelegate.swift in Sources */ = {isa = PBXBuildFile; fileRef = 0B69926B21196D0700F969F6 /* AppDelegate.swift */; };
		0B69926E21196D0700F969F6 /* ToDoList.swift in Sources */ = {isa = PBXBuildFile; fileRef = 0B69926D21196D0700F969F6 /* ToDoList.swift */; };
		0B69927121196D0700F969F6 /* Main.storyboard in Resources */ = {isa = PBXBuildFile; fileRef = 0B69926F21196D0700F969F6 /* Main.storyboard */; };
		0B69927321196D0800F969F6 /* Assets.xcassets in Resources */ = {isa = PBXBuildFile; fileRef = 0B69927221196D0800F969F6 /* Assets.xcassets */; };
		0B69927621196D0800F969F6 /* LaunchScreen.storyboard in Resources */ = {isa = PBXBuildFile; fileRef = 0B69927421196D0800F969F6 /* LaunchScreen.storyboard */; };
		0B69928121196D0800F969F6 /* ToDoSampleTests.swift in Sources */ = {isa = PBXBuildFile; fileRef = 0B69928021196D0800F969F6 /* ToDoSampleTests.swift */; };
		0B69928C21196D0800F969F6 /* ToDoSampleUITests.swift in Sources */ = {isa = PBXBuildFile; fileRef = 0B69928B21196D0800F969F6 /* ToDoSampleUITests.swift */; };
		0B69929A21196DB300F969F6 /* main.swift in Sources */ = {isa = PBXBuildFile; fileRef = 0B69929921196DB300F969F6 /* main.swift */; };
		0B69929C21196DE800F969F6 /* TestingAppDelegate.swift in Sources */ = {isa = PBXBuildFile; fileRef = 0B69929B21196DE800F969F6 /* TestingAppDelegate.swift */; };
		0B69929E2119792900F969F6 /* ToDoEdit.swift in Sources */ = {isa = PBXBuildFile; fileRef = 0B69929D2119792900F969F6 /* ToDoEdit.swift */; };
		0B6992A0211991B800F969F6 /* GoogleService-Info.plist in Resources */ = {isa = PBXBuildFile; fileRef = 0B69929F211991B800F969F6 /* GoogleService-Info.plist */; };
		3D6A633C513317910BE012FF /* Pods_ToDoSampleUITests.framework in Frameworks */ = {isa = PBXBuildFile; fileRef = 443780DC8657795CAA1208FA /* Pods_ToDoSampleUITests.framework */; };
		87A885C0B5AA925F666D493E /* Pods_ToDoSampleTests.framework in Frameworks */ = {isa = PBXBuildFile; fileRef = 52D18280958C0541461B22AA /* Pods_ToDoSampleTests.framework */; };
		AF23409C353AE923AE35FFD6 /* Pods_ToDoSample.framework in Frameworks */ = {isa = PBXBuildFile; fileRef = 99977A68B27146767FD2457B /* Pods_ToDoSample.framework */; };
/* End PBXBuildFile section */

/* Begin PBXContainerItemProxy section */
		0B69927D21196D0800F969F6 /* PBXContainerItemProxy */ = {
			isa = PBXContainerItemProxy;
			containerPortal = 0B69926021196D0700F969F6 /* Project object */;
			proxyType = 1;
			remoteGlobalIDString = 0B69926721196D0700F969F6;
			remoteInfo = ToDoSample;
		};
		0B69928821196D0800F969F6 /* PBXContainerItemProxy */ = {
			isa = PBXContainerItemProxy;
			containerPortal = 0B69926021196D0700F969F6 /* Project object */;
			proxyType = 1;
			remoteGlobalIDString = 0B69926721196D0700F969F6;
			remoteInfo = ToDoSample;
		};
/* End PBXContainerItemProxy section */

/* Begin PBXFileReference section */
		0B4219E6211A97B80097B682 /* ToDo.swift */ = {isa = PBXFileReference; lastKnownFileType = sourcecode.swift; path = ToDo.swift; sourceTree = "<group>"; };
		0B69926821196D0700F969F6 /* ToDoSample.app */ = {isa = PBXFileReference; explicitFileType = wrapper.application; includeInIndex = 0; path = ToDoSample.app; sourceTree = BUILT_PRODUCTS_DIR; };
		0B69926B21196D0700F969F6 /* AppDelegate.swift */ = {isa = PBXFileReference; lastKnownFileType = sourcecode.swift; path = AppDelegate.swift; sourceTree = "<group>"; };
		0B69926D21196D0700F969F6 /* ToDoList.swift */ = {isa = PBXFileReference; lastKnownFileType = sourcecode.swift; path = ToDoList.swift; sourceTree = "<group>"; };
		0B69927021196D0700F969F6 /* Base */ = {isa = PBXFileReference; lastKnownFileType = file.storyboard; name = Base; path = Base.lproj/Main.storyboard; sourceTree = "<group>"; };
		0B69927221196D0800F969F6 /* Assets.xcassets */ = {isa = PBXFileReference; lastKnownFileType = folder.assetcatalog; path = Assets.xcassets; sourceTree = "<group>"; };
		0B69927521196D0800F969F6 /* Base */ = {isa = PBXFileReference; lastKnownFileType = file.storyboard; name = Base; path = Base.lproj/LaunchScreen.storyboard; sourceTree = "<group>"; };
		0B69927721196D0800F969F6 /* Info.plist */ = {isa = PBXFileReference; lastKnownFileType = text.plist.xml; path = Info.plist; sourceTree = "<group>"; };
		0B69927C21196D0800F969F6 /* ToDoSampleTests.xctest */ = {isa = PBXFileReference; explicitFileType = wrapper.cfbundle; includeInIndex = 0; path = ToDoSampleTests.xctest; sourceTree = BUILT_PRODUCTS_DIR; };
		0B69928021196D0800F969F6 /* ToDoSampleTests.swift */ = {isa = PBXFileReference; lastKnownFileType = sourcecode.swift; path = ToDoSampleTests.swift; sourceTree = "<group>"; };
		0B69928221196D0800F969F6 /* Info.plist */ = {isa = PBXFileReference; lastKnownFileType = text.plist.xml; path = Info.plist; sourceTree = "<group>"; };
		0B69928721196D0800F969F6 /* ToDoSampleUITests.xctest */ = {isa = PBXFileReference; explicitFileType = wrapper.cfbundle; includeInIndex = 0; path = ToDoSampleUITests.xctest; sourceTree = BUILT_PRODUCTS_DIR; };
		0B69928B21196D0800F969F6 /* ToDoSampleUITests.swift */ = {isa = PBXFileReference; lastKnownFileType = sourcecode.swift; path = ToDoSampleUITests.swift; sourceTree = "<group>"; };
		0B69928D21196D0800F969F6 /* Info.plist */ = {isa = PBXFileReference; lastKnownFileType = text.plist.xml; path = Info.plist; sourceTree = "<group>"; };
		0B69929921196DB300F969F6 /* main.swift */ = {isa = PBXFileReference; lastKnownFileType = sourcecode.swift; path = main.swift; sourceTree = "<group>"; };
		0B69929B21196DE800F969F6 /* TestingAppDelegate.swift */ = {isa = PBXFileReference; lastKnownFileType = sourcecode.swift; path = TestingAppDelegate.swift; sourceTree = "<group>"; };
		0B69929D2119792900F969F6 /* ToDoEdit.swift */ = {isa = PBXFileReference; lastKnownFileType = sourcecode.swift; path = ToDoEdit.swift; sourceTree = "<group>"; };
		0B69929F211991B800F969F6 /* GoogleService-Info.plist */ = {isa = PBXFileReference; fileEncoding = 4; lastKnownFileType = text.plist.xml; path = "GoogleService-Info.plist"; sourceTree = "<group>"; };
		266C9DCA513AD9F931E16703 /* Pods-ToDoSampleTests.release.xcconfig */ = {isa = PBXFileReference; includeInIndex = 1; lastKnownFileType = text.xcconfig; name = "Pods-ToDoSampleTests.release.xcconfig"; path = "Pods/Target Support Files/Pods-ToDoSampleTests/Pods-ToDoSampleTests.release.xcconfig"; sourceTree = "<group>"; };
		29C860FA0DA3771E2A85E98A /* Pods-ToDoSampleUITests.debug.xcconfig */ = {isa = PBXFileReference; includeInIndex = 1; lastKnownFileType = text.xcconfig; name = "Pods-ToDoSampleUITests.debug.xcconfig"; path = "Pods/Target Support Files/Pods-ToDoSampleUITests/Pods-ToDoSampleUITests.debug.xcconfig"; sourceTree = "<group>"; };
		443780DC8657795CAA1208FA /* Pods_ToDoSampleUITests.framework */ = {isa = PBXFileReference; explicitFileType = wrapper.framework; includeInIndex = 0; path = Pods_ToDoSampleUITests.framework; sourceTree = BUILT_PRODUCTS_DIR; };
		52D18280958C0541461B22AA /* Pods_ToDoSampleTests.framework */ = {isa = PBXFileReference; explicitFileType = wrapper.framework; includeInIndex = 0; path = Pods_ToDoSampleTests.framework; sourceTree = BUILT_PRODUCTS_DIR; };
		6968CE9D3CCBF8AF737E7A99 /* Pods-ToDoSampleUITests.release.xcconfig */ = {isa = PBXFileReference; includeInIndex = 1; lastKnownFileType = text.xcconfig; name = "Pods-ToDoSampleUITests.release.xcconfig"; path = "Pods/Target Support Files/Pods-ToDoSampleUITests/Pods-ToDoSampleUITests.release.xcconfig"; sourceTree = "<group>"; };
		69A26C188D6DD4D2BAB8AE4A /* Pods-ToDoSample.release.xcconfig */ = {isa = PBXFileReference; includeInIndex = 1; lastKnownFileType = text.xcconfig; name = "Pods-ToDoSample.release.xcconfig"; path = "Pods/Target Support Files/Pods-ToDoSample/Pods-ToDoSample.release.xcconfig"; sourceTree = "<group>"; };
		99977A68B27146767FD2457B /* Pods_ToDoSample.framework */ = {isa = PBXFileReference; explicitFileType = wrapper.framework; includeInIndex = 0; path = Pods_ToDoSample.framework; sourceTree = BUILT_PRODUCTS_DIR; };
		C1090FA94A296E83EAC18303 /* Pods-ToDoSampleTests.debug.xcconfig */ = {isa = PBXFileReference; includeInIndex = 1; lastKnownFileType = text.xcconfig; name = "Pods-ToDoSampleTests.debug.xcconfig"; path = "Pods/Target Support Files/Pods-ToDoSampleTests/Pods-ToDoSampleTests.debug.xcconfig"; sourceTree = "<group>"; };
		EE666D13375DA22ECF59AD73 /* Pods-ToDoSample.debug.xcconfig */ = {isa = PBXFileReference; includeInIndex = 1; lastKnownFileType = text.xcconfig; name = "Pods-ToDoSample.debug.xcconfig"; path = "Pods/Target Support Files/Pods-ToDoSample/Pods-ToDoSample.debug.xcconfig"; sourceTree = "<group>"; };
/* End PBXFileReference section */

/* Begin PBXFrameworksBuildPhase section */
		0B69926521196D0700F969F6 /* Frameworks */ = {
			isa = PBXFrameworksBuildPhase;
			buildActionMask = 2147483647;
			files = (
				AF23409C353AE923AE35FFD6 /* Pods_ToDoSample.framework in Frameworks */,
			);
			runOnlyForDeploymentPostprocessing = 0;
		};
		0B69927921196D0800F969F6 /* Frameworks */ = {
			isa = PBXFrameworksBuildPhase;
			buildActionMask = 2147483647;
			files = (
				87A885C0B5AA925F666D493E /* Pods_ToDoSampleTests.framework in Frameworks */,
			);
			runOnlyForDeploymentPostprocessing = 0;
		};
		0B69928421196D0800F969F6 /* Frameworks */ = {
			isa = PBXFrameworksBuildPhase;
			buildActionMask = 2147483647;
			files = (
				3D6A633C513317910BE012FF /* Pods_ToDoSampleUITests.framework in Frameworks */,
			);
			runOnlyForDeploymentPostprocessing = 0;
		};
/* End PBXFrameworksBuildPhase section */

/* Begin PBXGroup section */
		0B69925F21196D0700F969F6 = {
			isa = PBXGroup;
			children = (
				0B69926A21196D0700F969F6 /* ToDoSample */,
				0B69927F21196D0800F969F6 /* ToDoSampleTests */,
				0B69928A21196D0800F969F6 /* ToDoSampleUITests */,
				0B69926921196D0700F969F6 /* Products */,
				5EC43CC98E34C523ABC3A92F /* Pods */,
				DE70221A727B321E81572F68 /* Frameworks */,
			);
			sourceTree = "<group>";
		};
		0B69926921196D0700F969F6 /* Products */ = {
			isa = PBXGroup;
			children = (
				0B69926821196D0700F969F6 /* ToDoSample.app */,
				0B69927C21196D0800F969F6 /* ToDoSampleTests.xctest */,
				0B69928721196D0800F969F6 /* ToDoSampleUITests.xctest */,
			);
			name = Products;
			sourceTree = "<group>";
		};
		0B69926A21196D0700F969F6 /* ToDoSample */ = {
			isa = PBXGroup;
			children = (
				0B69926B21196D0700F969F6 /* AppDelegate.swift */,
				0B69929921196DB300F969F6 /* main.swift */,
				0B69926D21196D0700F969F6 /* ToDoList.swift */,
				0B69929D2119792900F969F6 /* ToDoEdit.swift */,
				0B4219E6211A97B80097B682 /* ToDo.swift */,
				0B69926F21196D0700F969F6 /* Main.storyboard */,
				0B69927221196D0800F969F6 /* Assets.xcassets */,
				0B69927421196D0800F969F6 /* LaunchScreen.storyboard */,
				0B69927721196D0800F969F6 /* Info.plist */,
				0B69929F211991B800F969F6 /* GoogleService-Info.plist */,
			);
			path = ToDoSample;
			sourceTree = "<group>";
		};
		0B69927F21196D0800F969F6 /* ToDoSampleTests */ = {
			isa = PBXGroup;
			children = (
				0B69928021196D0800F969F6 /* ToDoSampleTests.swift */,
				0B69928221196D0800F969F6 /* Info.plist */,
				0B69929B21196DE800F969F6 /* TestingAppDelegate.swift */,
			);
			path = ToDoSampleTests;
			sourceTree = "<group>";
		};
		0B69928A21196D0800F969F6 /* ToDoSampleUITests */ = {
			isa = PBXGroup;
			children = (
				0B69928B21196D0800F969F6 /* ToDoSampleUITests.swift */,
				0B69928D21196D0800F969F6 /* Info.plist */,
			);
			path = ToDoSampleUITests;
			sourceTree = "<group>";
		};
		5EC43CC98E34C523ABC3A92F /* Pods */ = {
			isa = PBXGroup;
			children = (
				EE666D13375DA22ECF59AD73 /* Pods-ToDoSample.debug.xcconfig */,
				69A26C188D6DD4D2BAB8AE4A /* Pods-ToDoSample.release.xcconfig */,
				C1090FA94A296E83EAC18303 /* Pods-ToDoSampleTests.debug.xcconfig */,
				266C9DCA513AD9F931E16703 /* Pods-ToDoSampleTests.release.xcconfig */,
				29C860FA0DA3771E2A85E98A /* Pods-ToDoSampleUITests.debug.xcconfig */,
				6968CE9D3CCBF8AF737E7A99 /* Pods-ToDoSampleUITests.release.xcconfig */,
			);
			name = Pods;
			sourceTree = "<group>";
		};
		DE70221A727B321E81572F68 /* Frameworks */ = {
			isa = PBXGroup;
			children = (
				99977A68B27146767FD2457B /* Pods_ToDoSample.framework */,
				52D18280958C0541461B22AA /* Pods_ToDoSampleTests.framework */,
				443780DC8657795CAA1208FA /* Pods_ToDoSampleUITests.framework */,
			);
			name = Frameworks;
			sourceTree = "<group>";
		};
/* End PBXGroup section */

/* Begin PBXNativeTarget section */
		0B69926721196D0700F969F6 /* ToDoSample */ = {
			isa = PBXNativeTarget;
			buildConfigurationList = 0B69929021196D0800F969F6 /* Build configuration list for PBXNativeTarget "ToDoSample" */;
			buildPhases = (
				D15A1D4E47BA16522270EF1D /* [CP] Check Pods Manifest.lock */,
				0B69926421196D0700F969F6 /* Sources */,
				0B69926521196D0700F969F6 /* Frameworks */,
				0B69926621196D0700F969F6 /* Resources */,
				B1495D49BF486397451D5106 /* [CP] Embed Pods Frameworks */,
				153F5227D1D5E4CC13C2EEEE /* [CP] Copy Pods Resources */,
			);
			buildRules = (
			);
			dependencies = (
			);
			name = ToDoSample;
			productName = ToDoSample;
			productReference = 0B69926821196D0700F969F6 /* ToDoSample.app */;
			productType = "com.apple.product-type.application";
		};
		0B69927B21196D0800F969F6 /* ToDoSampleTests */ = {
			isa = PBXNativeTarget;
			buildConfigurationList = 0B69929321196D0800F969F6 /* Build configuration list for PBXNativeTarget "ToDoSampleTests" */;
			buildPhases = (
				F5A93D790554036C7C0EC02D /* [CP] Check Pods Manifest.lock */,
				0B69927821196D0800F969F6 /* Sources */,
				0B69927921196D0800F969F6 /* Frameworks */,
				0B69927A21196D0800F969F6 /* Resources */,
			);
			buildRules = (
			);
			dependencies = (
				0B69927E21196D0800F969F6 /* PBXTargetDependency */,
			);
			name = ToDoSampleTests;
			productName = ToDoSampleTests;
			productReference = 0B69927C21196D0800F969F6 /* ToDoSampleTests.xctest */;
			productType = "com.apple.product-type.bundle.unit-test";
		};
		0B69928621196D0800F969F6 /* ToDoSampleUITests */ = {
			isa = PBXNativeTarget;
			buildConfigurationList = 0B69929621196D0800F969F6 /* Build configuration list for PBXNativeTarget "ToDoSampleUITests" */;
			buildPhases = (
				6F0504C3AA8ACC0BCF9918BD /* [CP] Check Pods Manifest.lock */,
				0B69928321196D0800F969F6 /* Sources */,
				0B69928421196D0800F969F6 /* Frameworks */,
				0B69928521196D0800F969F6 /* Resources */,
			);
			buildRules = (
			);
			dependencies = (
				0B69928921196D0800F969F6 /* PBXTargetDependency */,
			);
			name = ToDoSampleUITests;
			productName = ToDoSampleUITests;
			productReference = 0B69928721196D0800F969F6 /* ToDoSampleUITests.xctest */;
			productType = "com.apple.product-type.bundle.ui-testing";
		};
/* End PBXNativeTarget section */

/* Begin PBXProject section */
		0B69926021196D0700F969F6 /* Project object */ = {
			isa = PBXProject;
			attributes = {
				LastSwiftUpdateCheck = 0930;
				LastUpgradeCheck = 0930;
				ORGANIZATIONNAME = "Yusaku Ueda";
				TargetAttributes = {
					0B69926721196D0700F969F6 = {
						CreatedOnToolsVersion = 9.3;
					};
					0B69927B21196D0800F969F6 = {
						CreatedOnToolsVersion = 9.3;
						TestTargetID = 0B69926721196D0700F969F6;
					};
					0B69928621196D0800F969F6 = {
						CreatedOnToolsVersion = 9.3;
						TestTargetID = 0B69926721196D0700F969F6;
					};
				};
			};
			buildConfigurationList = 0B69926321196D0700F969F6 /* Build configuration list for PBXProject "ToDoSample" */;
			compatibilityVersion = "Xcode 9.3";
			developmentRegion = en;
			hasScannedForEncodings = 0;
			knownRegions = (
				en,
				Base,
			);
			mainGroup = 0B69925F21196D0700F969F6;
			productRefGroup = 0B69926921196D0700F969F6 /* Products */;
			projectDirPath = "";
			projectRoot = "";
			targets = (
				0B69926721196D0700F969F6 /* ToDoSample */,
				0B69927B21196D0800F969F6 /* ToDoSampleTests */,
				0B69928621196D0800F969F6 /* ToDoSampleUITests */,
			);
		};
/* End PBXProject section */

/* Begin PBXResourcesBuildPhase section */
		0B69926621196D0700F969F6 /* Resources */ = {
			isa = PBXResourcesBuildPhase;
			buildActionMask = 2147483647;
			files = (
				0B69927621196D0800F969F6 /* LaunchScreen.storyboard in Resources */,
				0B6992A0211991B800F969F6 /* GoogleService-Info.plist in Resources */,
				0B69927321196D0800F969F6 /* Assets.xcassets in Resources */,
				0B69927121196D0700F969F6 /* Main.storyboard in Resources */,
			);
			runOnlyForDeploymentPostprocessing = 0;
		};
		0B69927A21196D0800F969F6 /* Resources */ = {
			isa = PBXResourcesBuildPhase;
			buildActionMask = 2147483647;
			files = (
			);
			runOnlyForDeploymentPostprocessing = 0;
		};
		0B69928521196D0800F969F6 /* Resources */ = {
			isa = PBXResourcesBuildPhase;
			buildActionMask = 2147483647;
			files = (
			);
			runOnlyForDeploymentPostprocessing = 0;
		};
/* End PBXResourcesBuildPhase section */

/* Begin PBXShellScriptBuildPhase section */
		153F5227D1D5E4CC13C2EEEE /* [CP] Copy Pods Resources */ = {
			isa = PBXShellScriptBuildPhase;
			buildActionMask = 2147483647;
			files = (
			);
			inputPaths = (
				"${SRCROOT}/Pods/Target Support Files/Pods-ToDoSample/Pods-ToDoSample-resources.sh",
				"${PODS_CONFIGURATION_BUILD_DIR}/FirebaseUI/FirebaseAuthUI.bundle",
				"${PODS_CONFIGURATION_BUILD_DIR}/FirebaseUI/FirebaseGoogleAuthUI.bundle",
				"${PODS_ROOT}/GoogleSignIn/Resources/GoogleSignIn.bundle",
			);
			name = "[CP] Copy Pods Resources";
			outputPaths = (
				"${TARGET_BUILD_DIR}/${UNLOCALIZED_RESOURCES_FOLDER_PATH}/FirebaseAuthUI.bundle",
				"${TARGET_BUILD_DIR}/${UNLOCALIZED_RESOURCES_FOLDER_PATH}/FirebaseGoogleAuthUI.bundle",
				"${TARGET_BUILD_DIR}/${UNLOCALIZED_RESOURCES_FOLDER_PATH}/GoogleSignIn.bundle",
			);
			runOnlyForDeploymentPostprocessing = 0;
			shellPath = /bin/sh;
			shellScript = "\"${SRCROOT}/Pods/Target Support Files/Pods-ToDoSample/Pods-ToDoSample-resources.sh\"\n";
			showEnvVarsInLog = 0;
		};
		6F0504C3AA8ACC0BCF9918BD /* [CP] Check Pods Manifest.lock */ = {
			isa = PBXShellScriptBuildPhase;
			buildActionMask = 2147483647;
			files = (
			);
			inputPaths = (
				"${PODS_PODFILE_DIR_PATH}/Podfile.lock",
				"${PODS_ROOT}/Manifest.lock",
			);
			name = "[CP] Check Pods Manifest.lock";
			outputPaths = (
				"$(DERIVED_FILE_DIR)/Pods-ToDoSampleUITests-checkManifestLockResult.txt",
			);
			runOnlyForDeploymentPostprocessing = 0;
			shellPath = /bin/sh;
			shellScript = "diff \"${PODS_PODFILE_DIR_PATH}/Podfile.lock\" \"${PODS_ROOT}/Manifest.lock\" > /dev/null\nif [ $? != 0 ] ; then\n    # print error to STDERR\n    echo \"error: The sandbox is not in sync with the Podfile.lock. Run 'pod install' or update your CocoaPods installation.\" >&2\n    exit 1\nfi\n# This output is used by Xcode 'outputs' to avoid re-running this script phase.\necho \"SUCCESS\" > \"${SCRIPT_OUTPUT_FILE_0}\"\n";
			showEnvVarsInLog = 0;
		};
		B1495D49BF486397451D5106 /* [CP] Embed Pods Frameworks */ = {
			isa = PBXShellScriptBuildPhase;
			buildActionMask = 2147483647;
			files = (
			);
			inputPaths = (
				"${SRCROOT}/Pods/Target Support Files/Pods-ToDoSample/Pods-ToDoSample-frameworks.sh",
				"${BUILT_PRODUCTS_DIR}/BoringSSL/openssl.framework",
				"${BUILT_PRODUCTS_DIR}/GTMOAuth2/GTMOAuth2.framework",
				"${BUILT_PRODUCTS_DIR}/GTMSessionFetcher/GTMSessionFetcher.framework",
				"${BUILT_PRODUCTS_DIR}/GoogleToolboxForMac/GoogleToolboxForMac.framework",
				"${BUILT_PRODUCTS_DIR}/GoogleUtilities/GoogleUtilities.framework",
				"${BUILT_PRODUCTS_DIR}/Protobuf/Protobuf.framework",
				"${BUILT_PRODUCTS_DIR}/gRPC/GRPCClient.framework",
				"${BUILT_PRODUCTS_DIR}/gRPC-Core/grpc.framework",
				"${BUILT_PRODUCTS_DIR}/gRPC-ProtoRPC/ProtoRPC.framework",
				"${BUILT_PRODUCTS_DIR}/gRPC-RxLibrary/RxLibrary.framework",
				"${BUILT_PRODUCTS_DIR}/leveldb-library/leveldb.framework",
				"${BUILT_PRODUCTS_DIR}/nanopb/nanopb.framework",
			);
			name = "[CP] Embed Pods Frameworks";
			outputPaths = (
				"${TARGET_BUILD_DIR}/${FRAMEWORKS_FOLDER_PATH}/openssl.framework",
				"${TARGET_BUILD_DIR}/${FRAMEWORKS_FOLDER_PATH}/GTMOAuth2.framework",
				"${TARGET_BUILD_DIR}/${FRAMEWORKS_FOLDER_PATH}/GTMSessionFetcher.framework",
				"${TARGET_BUILD_DIR}/${FRAMEWORKS_FOLDER_PATH}/GoogleToolboxForMac.framework",
				"${TARGET_BUILD_DIR}/${FRAMEWORKS_FOLDER_PATH}/GoogleUtilities.framework",
				"${TARGET_BUILD_DIR}/${FRAMEWORKS_FOLDER_PATH}/Protobuf.framework",
				"${TARGET_BUILD_DIR}/${FRAMEWORKS_FOLDER_PATH}/GRPCClient.framework",
				"${TARGET_BUILD_DIR}/${FRAMEWORKS_FOLDER_PATH}/grpc.framework",
				"${TARGET_BUILD_DIR}/${FRAMEWORKS_FOLDER_PATH}/ProtoRPC.framework",
				"${TARGET_BUILD_DIR}/${FRAMEWORKS_FOLDER_PATH}/RxLibrary.framework",
				"${TARGET_BUILD_DIR}/${FRAMEWORKS_FOLDER_PATH}/leveldb.framework",
				"${TARGET_BUILD_DIR}/${FRAMEWORKS_FOLDER_PATH}/nanopb.framework",
			);
			runOnlyForDeploymentPostprocessing = 0;
			shellPath = /bin/sh;
			shellScript = "\"${SRCROOT}/Pods/Target Support Files/Pods-ToDoSample/Pods-ToDoSample-frameworks.sh\"\n";
			showEnvVarsInLog = 0;
		};
		D15A1D4E47BA16522270EF1D /* [CP] Check Pods Manifest.lock */ = {
			isa = PBXShellScriptBuildPhase;
			buildActionMask = 2147483647;
			files = (
			);
			inputPaths = (
				"${PODS_PODFILE_DIR_PATH}/Podfile.lock",
				"${PODS_ROOT}/Manifest.lock",
			);
			name = "[CP] Check Pods Manifest.lock";
			outputPaths = (
				"$(DERIVED_FILE_DIR)/Pods-ToDoSample-checkManifestLockResult.txt",
			);
			runOnlyForDeploymentPostprocessing = 0;
			shellPath = /bin/sh;
			shellScript = "diff \"${PODS_PODFILE_DIR_PATH}/Podfile.lock\" \"${PODS_ROOT}/Manifest.lock\" > /dev/null\nif [ $? != 0 ] ; then\n    # print error to STDERR\n    echo \"error: The sandbox is not in sync with the Podfile.lock. Run 'pod install' or update your CocoaPods installation.\" >&2\n    exit 1\nfi\n# This output is used by Xcode 'outputs' to avoid re-running this script phase.\necho \"SUCCESS\" > \"${SCRIPT_OUTPUT_FILE_0}\"\n";
			showEnvVarsInLog = 0;
		};
		F5A93D790554036C7C0EC02D /* [CP] Check Pods Manifest.lock */ = {
			isa = PBXShellScriptBuildPhase;
			buildActionMask = 2147483647;
			files = (
			);
			inputPaths = (
				"${PODS_PODFILE_DIR_PATH}/Podfile.lock",
				"${PODS_ROOT}/Manifest.lock",
			);
			name = "[CP] Check Pods Manifest.lock";
			outputPaths = (
				"$(DERIVED_FILE_DIR)/Pods-ToDoSampleTests-checkManifestLockResult.txt",
			);
			runOnlyForDeploymentPostprocessing = 0;
			shellPath = /bin/sh;
			shellScript = "diff \"${PODS_PODFILE_DIR_PATH}/Podfile.lock\" \"${PODS_ROOT}/Manifest.lock\" > /dev/null\nif [ $? != 0 ] ; then\n    # print error to STDERR\n    echo \"error: The sandbox is not in sync with the Podfile.lock. Run 'pod install' or update your CocoaPods installation.\" >&2\n    exit 1\nfi\n# This output is used by Xcode 'outputs' to avoid re-running this script phase.\necho \"SUCCESS\" > \"${SCRIPT_OUTPUT_FILE_0}\"\n";
			showEnvVarsInLog = 0;
		};
/* End PBXShellScriptBuildPhase section */

/* Begin PBXSourcesBuildPhase section */
		0B69926421196D0700F969F6 /* Sources */ = {
			isa = PBXSourcesBuildPhase;
			buildActionMask = 2147483647;
			files = (
				0B69926E21196D0700F969F6 /* ToDoList.swift in Sources */,
				0B4219E7211A97B80097B682 /* ToDo.swift in Sources */,
				0B69929E2119792900F969F6 /* ToDoEdit.swift in Sources */,
				0B69926C21196D0700F969F6 /* AppDelegate.swift in Sources */,
				0B69929A21196DB300F969F6 /* main.swift in Sources */,
			);
			runOnlyForDeploymentPostprocessing = 0;
		};
		0B69927821196D0800F969F6 /* Sources */ = {
			isa = PBXSourcesBuildPhase;
			buildActionMask = 2147483647;
			files = (
				0B69928121196D0800F969F6 /* ToDoSampleTests.swift in Sources */,
				0B69929C21196DE800F969F6 /* TestingAppDelegate.swift in Sources */,
			);
			runOnlyForDeploymentPostprocessing = 0;
		};
		0B69928321196D0800F969F6 /* Sources */ = {
			isa = PBXSourcesBuildPhase;
			buildActionMask = 2147483647;
			files = (
				0B69928C21196D0800F969F6 /* ToDoSampleUITests.swift in Sources */,
			);
			runOnlyForDeploymentPostprocessing = 0;
		};
/* End PBXSourcesBuildPhase section */

/* Begin PBXTargetDependency section */
		0B69927E21196D0800F969F6 /* PBXTargetDependency */ = {
			isa = PBXTargetDependency;
			target = 0B69926721196D0700F969F6 /* ToDoSample */;
			targetProxy = 0B69927D21196D0800F969F6 /* PBXContainerItemProxy */;
		};
		0B69928921196D0800F969F6 /* PBXTargetDependency */ = {
			isa = PBXTargetDependency;
			target = 0B69926721196D0700F969F6 /* ToDoSample */;
			targetProxy = 0B69928821196D0800F969F6 /* PBXContainerItemProxy */;
		};
/* End PBXTargetDependency section */

/* Begin PBXVariantGroup section */
		0B69926F21196D0700F969F6 /* Main.storyboard */ = {
			isa = PBXVariantGroup;
			children = (
				0B69927021196D0700F969F6 /* Base */,
			);
			name = Main.storyboard;
			sourceTree = "<group>";
		};
		0B69927421196D0800F969F6 /* LaunchScreen.storyboard */ = {
			isa = PBXVariantGroup;
			children = (
				0B69927521196D0800F969F6 /* Base */,
			);
			name = LaunchScreen.storyboard;
			sourceTree = "<group>";
		};
/* End PBXVariantGroup section */

/* Begin XCBuildConfiguration section */
		0B69928E21196D0800F969F6 /* Debug */ = {
			isa = XCBuildConfiguration;
			buildSettings = {
				ALWAYS_SEARCH_USER_PATHS = NO;
				CLANG_ANALYZER_NONNULL = YES;
				CLANG_ANALYZER_NUMBER_OBJECT_CONVERSION = YES_AGGRESSIVE;
				CLANG_CXX_LANGUAGE_STANDARD = "gnu++14";
				CLANG_CXX_LIBRARY = "libc++";
				CLANG_ENABLE_MODULES = YES;
				CLANG_ENABLE_OBJC_ARC = YES;
				CLANG_ENABLE_OBJC_WEAK = YES;
				CLANG_WARN_BLOCK_CAPTURE_AUTORELEASING = YES;
				CLANG_WARN_BOOL_CONVERSION = YES;
				CLANG_WARN_COMMA = YES;
				CLANG_WARN_CONSTANT_CONVERSION = YES;
				CLANG_WARN_DEPRECATED_OBJC_IMPLEMENTATIONS = YES;
				CLANG_WARN_DIRECT_OBJC_ISA_USAGE = YES_ERROR;
				CLANG_WARN_DOCUMENTATION_COMMENTS = YES;
				CLANG_WARN_EMPTY_BODY = YES;
				CLANG_WARN_ENUM_CONVERSION = YES;
				CLANG_WARN_INFINITE_RECURSION = YES;
				CLANG_WARN_INT_CONVERSION = YES;
				CLANG_WARN_NON_LITERAL_NULL_CONVERSION = YES;
				CLANG_WARN_OBJC_IMPLICIT_RETAIN_SELF = YES;
				CLANG_WARN_OBJC_LITERAL_CONVERSION = YES;
				CLANG_WARN_OBJC_ROOT_CLASS = YES_ERROR;
				CLANG_WARN_RANGE_LOOP_ANALYSIS = YES;
				CLANG_WARN_STRICT_PROTOTYPES = YES;
				CLANG_WARN_SUSPICIOUS_MOVE = YES;
				CLANG_WARN_UNGUARDED_AVAILABILITY = YES_AGGRESSIVE;
				CLANG_WARN_UNREACHABLE_CODE = YES;
				CLANG_WARN__DUPLICATE_METHOD_MATCH = YES;
				CODE_SIGN_IDENTITY = "iPhone Developer";
				COPY_PHASE_STRIP = NO;
				DEBUG_INFORMATION_FORMAT = dwarf;
				ENABLE_STRICT_OBJC_MSGSEND = YES;
				ENABLE_TESTABILITY = YES;
				GCC_C_LANGUAGE_STANDARD = gnu11;
				GCC_DYNAMIC_NO_PIC = NO;
				GCC_NO_COMMON_BLOCKS = YES;
				GCC_OPTIMIZATION_LEVEL = 0;
				GCC_PREPROCESSOR_DEFINITIONS = (
					"DEBUG=1",
					"$(inherited)",
				);
				GCC_WARN_64_TO_32_BIT_CONVERSION = YES;
				GCC_WARN_ABOUT_RETURN_TYPE = YES_ERROR;
				GCC_WARN_UNDECLARED_SELECTOR = YES;
				GCC_WARN_UNINITIALIZED_AUTOS = YES_AGGRESSIVE;
				GCC_WARN_UNUSED_FUNCTION = YES;
				GCC_WARN_UNUSED_VARIABLE = YES;
				IPHONEOS_DEPLOYMENT_TARGET = 11.0;
				MTL_ENABLE_DEBUG_INFO = YES;
				ONLY_ACTIVE_ARCH = YES;
				SDKROOT = iphoneos;
				SWIFT_ACTIVE_COMPILATION_CONDITIONS = DEBUG;
				SWIFT_OPTIMIZATION_LEVEL = "-Onone";
			};
			name = Debug;
		};
		0B69928F21196D0800F969F6 /* Release */ = {
			isa = XCBuildConfiguration;
			buildSettings = {
				ALWAYS_SEARCH_USER_PATHS = NO;
				CLANG_ANALYZER_NONNULL = YES;
				CLANG_ANALYZER_NUMBER_OBJECT_CONVERSION = YES_AGGRESSIVE;
				CLANG_CXX_LANGUAGE_STANDARD = "gnu++14";
				CLANG_CXX_LIBRARY = "libc++";
				CLANG_ENABLE_MODULES = YES;
				CLANG_ENABLE_OBJC_ARC = YES;
				CLANG_ENABLE_OBJC_WEAK = YES;
				CLANG_WARN_BLOCK_CAPTURE_AUTORELEASING = YES;
				CLANG_WARN_BOOL_CONVERSION = YES;
				CLANG_WARN_COMMA = YES;
				CLANG_WARN_CONSTANT_CONVERSION = YES;
				CLANG_WARN_DEPRECATED_OBJC_IMPLEMENTATIONS = YES;
				CLANG_WARN_DIRECT_OBJC_ISA_USAGE = YES_ERROR;
				CLANG_WARN_DOCUMENTATION_COMMENTS = YES;
				CLANG_WARN_EMPTY_BODY = YES;
				CLANG_WARN_ENUM_CONVERSION = YES;
				CLANG_WARN_INFINITE_RECURSION = YES;
				CLANG_WARN_INT_CONVERSION = YES;
				CLANG_WARN_NON_LITERAL_NULL_CONVERSION = YES;
				CLANG_WARN_OBJC_IMPLICIT_RETAIN_SELF = YES;
				CLANG_WARN_OBJC_LITERAL_CONVERSION = YES;
				CLANG_WARN_OBJC_ROOT_CLASS = YES_ERROR;
				CLANG_WARN_RANGE_LOOP_ANALYSIS = YES;
				CLANG_WARN_STRICT_PROTOTYPES = YES;
				CLANG_WARN_SUSPICIOUS_MOVE = YES;
				CLANG_WARN_UNGUARDED_AVAILABILITY = YES_AGGRESSIVE;
				CLANG_WARN_UNREACHABLE_CODE = YES;
				CLANG_WARN__DUPLICATE_METHOD_MATCH = YES;
				CODE_SIGN_IDENTITY = "iPhone Developer";
				COPY_PHASE_STRIP = NO;
				DEBUG_INFORMATION_FORMAT = "dwarf-with-dsym";
				ENABLE_NS_ASSERTIONS = NO;
				ENABLE_STRICT_OBJC_MSGSEND = YES;
				GCC_C_LANGUAGE_STANDARD = gnu11;
				GCC_NO_COMMON_BLOCKS = YES;
				GCC_WARN_64_TO_32_BIT_CONVERSION = YES;
				GCC_WARN_ABOUT_RETURN_TYPE = YES_ERROR;
				GCC_WARN_UNDECLARED_SELECTOR = YES;
				GCC_WARN_UNINITIALIZED_AUTOS = YES_AGGRESSIVE;
				GCC_WARN_UNUSED_FUNCTION = YES;
				GCC_WARN_UNUSED_VARIABLE = YES;
				IPHONEOS_DEPLOYMENT_TARGET = 11.0;
				MTL_ENABLE_DEBUG_INFO = NO;
				SDKROOT = iphoneos;
				SWIFT_COMPILATION_MODE = wholemodule;
				SWIFT_OPTIMIZATION_LEVEL = "-O";
				VALIDATE_PRODUCT = YES;
			};
			name = Release;
		};
		0B69929121196D0800F969F6 /* Debug */ = {
			isa = XCBuildConfiguration;
			baseConfigurationReference = EE666D13375DA22ECF59AD73 /* Pods-ToDoSample.debug.xcconfig */;
			buildSettings = {
				ASSETCATALOG_COMPILER_APPICON_NAME = AppIcon;
				CODE_SIGN_STYLE = Automatic;
				INFOPLIST_FILE = ToDoSample/Info.plist;
				LD_RUNPATH_SEARCH_PATHS = (
					"$(inherited)",
					"@executable_path/Frameworks",
				);
				PRODUCT_BUNDLE_IDENTIFIER = net.u39ueda.ToDoSample;
				PRODUCT_NAME = "$(TARGET_NAME)";
				SWIFT_VERSION = 4.0;
				TARGETED_DEVICE_FAMILY = "1,2";
			};
			name = Debug;
		};
		0B69929221196D0800F969F6 /* Release */ = {
			isa = XCBuildConfiguration;
			baseConfigurationReference = 69A26C188D6DD4D2BAB8AE4A /* Pods-ToDoSample.release.xcconfig */;
			buildSettings = {
				ASSETCATALOG_COMPILER_APPICON_NAME = AppIcon;
				CODE_SIGN_STYLE = Automatic;
				INFOPLIST_FILE = ToDoSample/Info.plist;
				LD_RUNPATH_SEARCH_PATHS = (
					"$(inherited)",
					"@executable_path/Frameworks",
				);
				PRODUCT_BUNDLE_IDENTIFIER = net.u39ueda.ToDoSample;
				PRODUCT_NAME = "$(TARGET_NAME)";
				SWIFT_VERSION = 4.0;
				TARGETED_DEVICE_FAMILY = "1,2";
			};
			name = Release;
		};
		0B69929421196D0800F969F6 /* Debug */ = {
			isa = XCBuildConfiguration;
			baseConfigurationReference = C1090FA94A296E83EAC18303 /* Pods-ToDoSampleTests.debug.xcconfig */;
			buildSettings = {
				ALWAYS_EMBED_SWIFT_STANDARD_LIBRARIES = YES;
				BUNDLE_LOADER = "$(TEST_HOST)";
				CODE_SIGN_STYLE = Automatic;
				INFOPLIST_FILE = ToDoSampleTests/Info.plist;
				LD_RUNPATH_SEARCH_PATHS = (
					"$(inherited)",
					"@executable_path/Frameworks",
					"@loader_path/Frameworks",
				);
				PRODUCT_BUNDLE_IDENTIFIER = net.u39ueda.ToDoSampleTests;
				PRODUCT_NAME = "$(TARGET_NAME)";
				SWIFT_VERSION = 4.0;
				TARGETED_DEVICE_FAMILY = "1,2";
				TEST_HOST = "$(BUILT_PRODUCTS_DIR)/ToDoSample.app/ToDoSample";
			};
			name = Debug;
		};
		0B69929521196D0800F969F6 /* Release */ = {
			isa = XCBuildConfiguration;
			baseConfigurationReference = 266C9DCA513AD9F931E16703 /* Pods-ToDoSampleTests.release.xcconfig */;
			buildSettings = {
				ALWAYS_EMBED_SWIFT_STANDARD_LIBRARIES = YES;
				BUNDLE_LOADER = "$(TEST_HOST)";
				CODE_SIGN_STYLE = Automatic;
				INFOPLIST_FILE = ToDoSampleTests/Info.plist;
				LD_RUNPATH_SEARCH_PATHS = (
					"$(inherited)",
					"@executable_path/Frameworks",
					"@loader_path/Frameworks",
				);
				PRODUCT_BUNDLE_IDENTIFIER = net.u39ueda.ToDoSampleTests;
				PRODUCT_NAME = "$(TARGET_NAME)";
				SWIFT_VERSION = 4.0;
				TARGETED_DEVICE_FAMILY = "1,2";
				TEST_HOST = "$(BUILT_PRODUCTS_DIR)/ToDoSample.app/ToDoSample";
			};
			name = Release;
		};
		0B69929721196D0800F969F6 /* Debug */ = {
			isa = XCBuildConfiguration;
			baseConfigurationReference = 29C860FA0DA3771E2A85E98A /* Pods-ToDoSampleUITests.debug.xcconfig */;
			buildSettings = {
				ALWAYS_EMBED_SWIFT_STANDARD_LIBRARIES = YES;
				CODE_SIGN_STYLE = Automatic;
				INFOPLIST_FILE = ToDoSampleUITests/Info.plist;
				LD_RUNPATH_SEARCH_PATHS = (
					"$(inherited)",
					"@executable_path/Frameworks",
					"@loader_path/Frameworks",
				);
				PRODUCT_BUNDLE_IDENTIFIER = net.u39ueda.ToDoSampleUITests;
				PRODUCT_NAME = "$(TARGET_NAME)";
				SWIFT_VERSION = 4.0;
				TARGETED_DEVICE_FAMILY = "1,2";
				TEST_TARGET_NAME = ToDoSample;
			};
			name = Debug;
		};
		0B69929821196D0800F969F6 /* Release */ = {
			isa = XCBuildConfiguration;
			baseConfigurationReference = 6968CE9D3CCBF8AF737E7A99 /* Pods-ToDoSampleUITests.release.xcconfig */;
			buildSettings = {
				ALWAYS_EMBED_SWIFT_STANDARD_LIBRARIES = YES;
				CODE_SIGN_STYLE = Automatic;
				INFOPLIST_FILE = ToDoSampleUITests/Info.plist;
				LD_RUNPATH_SEARCH_PATHS = (
					"$(inherited)",
					"@executable_path/Frameworks",
					"@loader_path/Frameworks",
				);
				PRODUCT_BUNDLE_IDENTIFIER = net.u39ueda.ToDoSampleUITests;
				PRODUCT_NAME = "$(TARGET_NAME)";
				SWIFT_VERSION = 4.0;
				TARGETED_DEVICE_FAMILY = "1,2";
				TEST_TARGET_NAME = ToDoSample;
			};
			name = Release;
		};
/* End XCBuildConfiguration section */

/* Begin XCConfigurationList section */
		0B69926321196D0700F969F6 /* Build configuration list for PBXProject "ToDoSample" */ = {
			isa = XCConfigurationList;
			buildConfigurations = (
				0B69928E21196D0800F969F6 /* Debug */,
				0B69928F21196D0800F969F6 /* Release */,
			);
			defaultConfigurationIsVisible = 0;
			defaultConfigurationName = Release;
		};
		0B69929021196D0800F969F6 /* Build configuration list for PBXNativeTarget "ToDoSample" */ = {
			isa = XCConfigurationList;
			buildConfigurations = (
				0B69929121196D0800F969F6 /* Debug */,
				0B69929221196D0800F969F6 /* Release */,
			);
			defaultConfigurationIsVisible = 0;
			defaultConfigurationName = Release;
		};
		0B69929321196D0800F969F6 /* Build configuration list for PBXNativeTarget "ToDoSampleTests" */ = {
			isa = XCConfigurationList;
			buildConfigurations = (
				0B69929421196D0800F969F6 /* Debug */,
				0B69929521196D0800F969F6 /* Release */,
			);
			defaultConfigurationIsVisible = 0;
			defaultConfigurationName = Release;
		};
		0B69929621196D0800F969F6 /* Build configuration list for PBXNativeTarget "ToDoSampleUITests" */ = {
			isa = XCConfigurationList;
			buildConfigurations = (
				0B69929721196D0800F969F6 /* Debug */,
				0B69929821196D0800F969F6 /* Release */,
			);
			defaultConfigurationIsVisible = 0;
			defaultConfigurationName = Release;
		};
/* End XCConfigurationList section */
	};
	rootObject = 0B69926021196D0700F969F6 /* Project object */;
}
